
Microsoft Visual Studio Solution File, Format Version 12.00
# Visual Studio 15
VisualStudioVersion = 15.0.28307.329
MinimumVisualStudioVersion = 10.0.40219.1
Project("{FAE04EC0-301F-11D3-BF4B-00C04F79EFBC}") = "WPFCCMedellin", "WPFCCMedellin\WPFCCMedellin.csproj", "{1E0CDA87-51FE-45BA-8881-2BE5D51A858A}"
EndProject
Project("{54435603-DBB4-11D2-8724-00A0C9A8B90C}") = "CCMedellinInstaller", "CCMedellinInstaller\CCMedellinInstaller.vdproj", "{0AE357F5-309B-4B1D-8F63-887151D97C9D}"
EndProject
Global
	GlobalSection(SolutionConfigurationPlatforms) = preSolution
		Debug|Any CPU = Debug|Any CPU
		Release|Any CPU = Release|Any CPU
	EndGlobalSection
	GlobalSection(ProjectConfigurationPlatforms) = postSolution
		{1E0CDA87-51FE-45BA-8881-2BE5D51A858A}.Debug|Any CPU.ActiveCfg = Debug|Any CPU
		{1E0CDA87-51FE-45BA-8881-2BE5D51A858A}.Debug|Any CPU.Build.0 = Debug|Any CPU
		{1E0CDA87-51FE-45BA-8881-2BE5D51A858A}.Release|Any CPU.ActiveCfg = Release|Any CPU
		{1E0CDA87-51FE-45BA-8881-2BE5D51A858A}.Release|Any CPU.Build.0 = Release|Any CPU
		{0AE357F5-309B-4B1D-8F63-887151D97C9D}.Debug|Any CPU.ActiveCfg = Debug
		{0AE357F5-309B-4B1D-8F63-887151D97C9D}.Release|Any CPU.ActiveCfg = Release
	EndGlobalSection
	GlobalSection(SolutionProperties) = preSolution
		HideSolutionNode = FALSE
	EndGlobalSection
	GlobalSection(ExtensibilityGlobals) = postSolution
		SolutionGuid = {110E85E0-34B4-46BF-A3F5-AE92DDB1A587}
	EndGlobalSection
EndGlobal
